
Microsoft Visual Studio Solution File, Format Version 12.00
# Visual Studio Version 17
VisualStudioVersion = 17.9.34728.123
MinimumVisualStudioVersion = 10.0.40219.1
Project("{9A19103F-16F7-4668-BE54-9A1E7A4F7556}") = "SCSynth", "SCSynth.csproj", "{23C6AA24-D059-4A19-A12E-29670F4437AD}"
EndProject
Global
	GlobalSection(SolutionConfigurationPlatforms) = preSolution
		Debug|Any CPU = Debug|Any CPU
		Release|Any CPU = Release|Any CPU
	EndGlobalSection
	GlobalSection(ProjectConfigurationPlatforms) = postSolution
		{23C6AA24-D059-4A19-A12E-29670F4437AD}.Debug|Any CPU.ActiveCfg = Debug|Any CPU
		{23C6AA24-D059-4A19-A12E-29670F4437AD}.Debug|Any CPU.Build.0 = Debug|Any CPU
		{23C6AA24-D059-4A19-A12E-29670F4437AD}.Release|Any CPU.ActiveCfg = Release|Any CPU
		{23C6AA24-D059-4A19-A12E-29670F4437AD}.Release|Any CPU.Build.0 = Release|Any CPU
	EndGlobalSection
	GlobalSection(SolutionProperties) = preSolution
		HideSolutionNode = FALSE
	EndGlobalSection
	GlobalSection(ExtensibilityGlobals) = postSolution
		SolutionGuid = {36F5EE5B-0801-4E93-B3AB-6AE4124DEA3C}
	EndGlobalSection
EndGlobal
